<?xml version="1.0" encoding="utf-8"?>
<Project ToolsVersion="4.0" xmlns="http://schemas.microsoft.com/developer/msbuild/2003">
  <ItemGroup>
    <Filter Include="imgui">
      <UniqueIdentifier>{20b90ce4-7fcb-4731-b9a0-075f875de82d}</UniqueIdentifier>
    </Filter>
    <Filter Include="sources">
      <UniqueIdentifier>{f18ab499-84e1-499f-8eff-9754361e0e52}</UniqueIdentifier>
      <Extensions>cpp;c;cc;cxx;def;odl;idl;hpj;bat;asm;asmx</Extensions>
    </Filter>
    <Filter Include="gl3w">
      <UniqueIdentifier>{7888b9f1-8d1c-426c-b987-af22449f0971}</UniqueIdentifier>
    </Filter>
    <Filter Include="includes">
      <UniqueIdentifier>{9ddd6eee-f72b-4a74-8877-7b105b02f3b1}</UniqueIdentifier>
    </Filter>
    <Filter Include="shader">
      <UniqueIdentifier>{e2669ade-bda5-47eb-ad75-9961d68cdf56}</UniqueIdentifier>
    </Filter>
  </ItemGroup>
  <ItemGroup>
    <ClCompile Include="main.cpp">
      <Filter>sources</Filter>
    </ClCompile>
    <ClCompile Include="extern\imgui\imgui.cpp">
      <Filter>imgui</Filter>
    </ClCompile>
    <ClCompile Include="extern\imgui\imgui_demo.cpp">
      <Filter>imgui</Filter>
    </ClCompile>
    <ClCompile Include="extern\imgui\imgui_draw.cpp">
      <Filter>imgui</Filter>
    </ClCompile>
    <ClCompile Include="extern\imgui\imgui_tables.cpp">
      <Filter>imgui</Filter>
    </ClCompile>
    <ClCompile Include="extern\imgui\imgui_widgets.cpp">
      <Filter>imgui</Filter>
    </ClCompile>
    <ClCompile Include="Application.cpp">
      <Filter>sources</Filter>
    </ClCompile>
    <ClCompile Include="extern\gl3w\src\gl3w.c">
      <Filter>gl3w</Filter>
    </ClCompile>
    <ClCompile Include="extern\imgui\backends\imgui_impl_glfw.cpp">
      <Filter>imgui</Filter>
    </ClCompile>
    <ClCompile Include="extern\imgui\backends\imgui_impl_opengl3.cpp">
      <Filter>imgui</Filter>
    </ClCompile>
    <ClCompile Include="Viewport.cpp">
      <Filter>sources</Filter>
    </ClCompile>
    <ClCompile Include="Shader.cpp">
      <Filter>sources</Filter>
    </ClCompile>
    <ClCompile Include="Camera.cpp">
      <Filter>sources</Filter>
    </ClCompile>
    <ClCompile Include="File.cpp">
      <Filter>sources</Filter>
    </ClCompile>
    <ClCompile Include="Grid.cpp">
      <Filter>sources</Filter>
    </ClCompile>
    <ClCompile Include="Mesh.cpp">
      <Filter>sources</Filter>
    </ClCompile>
    <ClCompile Include="Model.cpp">
      <Filter>sources</Filter>
    </ClCompile>
    <ClCompile Include="RT_Camera.cpp">
      <Filter>sources</Filter>
    </ClCompile>
  </ItemGroup>
  <ItemGroup>
    <None Include="extern\imgui\examples\example_glfw_opengl3\imgui.ini" />
    <None Include="shader\axis_geometry.glsl">
      <Filter>shader</Filter>
    </None>
    <None Include="shader\color_fragment.glsl">
      <Filter>shader</Filter>
    </None>
    <None Include="shader\forward_vertex.glsl">
      <Filter>shader</Filter>
    </None>
    <None Include="shader\fragment.glsl">
      <Filter>shader</Filter>
    </None>
    <None Include="shader\grid_geometry.glsl">
      <Filter>shader</Filter>
    </None>
    <None Include="shader\in_color_fragment.glsl">
      <Filter>shader</Filter>
    </None>
    <None Include="shader\vertex.glsl">
      <Filter>shader</Filter>
    </None>
    <None Include="shader\pbr_fragment.glsl">
      <Filter>shader</Filter>
    </None>
    <None Include="shader\normals_geometry.glsl">
      <Filter>shader</Filter>
    </None>
  </ItemGroup>
  <ItemGroup>
    <ClInclude Include="extern\imgui\imconfig.h">
      <Filter>imgui</Filter>
    </ClInclude>
    <ClInclude Include="extern\imgui\imgui.h">
      <Filter>imgui</Filter>
    </ClInclude>
    <ClInclude Include="extern\imgui\imgui_internal.h">
      <Filter>imgui</Filter>
    </ClInclude>
    <ClInclude Include="extern\imgui\imstb_rectpack.h">
      <Filter>imgui</Filter>
    </ClInclude>
    <ClInclude Include="extern\imgui\imstb_textedit.h">
      <Filter>imgui</Filter>
    </ClInclude>
    <ClInclude Include="extern\imgui\imstb_truetype.h">
      <Filter>imgui</Filter>
    </ClInclude>
    <ClInclude Include="extern\imgui\backends\imgui_impl_glfw.h">
      <Filter>imgui</Filter>
    </ClInclude>
    <ClInclude Include="extern\imgui\backends\imgui_impl_opengl3.h">
      <Filter>imgui</Filter>
    </ClInclude>
    <ClInclude Include="Camera.h">
      <Filter>includes</Filter>
    </ClInclude>
    <ClInclude Include="File.h">
      <Filter>includes</Filter>
    </ClInclude>
    <ClInclude Include="Grid.h">
      <Filter>includes</Filter>
    </ClInclude>
    <ClInclude Include="Shader.h">
      <Filter>includes</Filter>
    </ClInclude>
    <ClInclude Include="Viewport.h">
      <Filter>includes</Filter>
    </ClInclude>
    <ClInclude Include="Application.h">
      <Filter>includes</Filter>
    </ClInclude>
    <ClInclude Include="Mesh.h">
      <Filter>includes</Filter>
    </ClInclude>
    <ClInclude Include="Model.h">
      <Filter>includes</Filter>
    </ClInclude>
    <ClInclude Include="Helper.h" />
    <ClInclude Include="RT_Viewport.h">
      <Filter>includes</Filter>
    </ClInclude>
    <ClInclude Include="Vec3.h">
      <Filter>includes</Filter>
    </ClInclude>
    <ClInclude Include="Ray.h">
      <Filter>includes</Filter>
    </ClInclude>
    <ClInclude Include="Hit.h">
      <Filter>includes</Filter>
    </ClInclude>
    <ClInclude Include="Sphere.h">
      <Filter>includes</Filter>
    </ClInclude>
    <ClInclude Include="raytracing.h">
      <Filter>includes</Filter>
    </ClInclude>
    <ClInclude Include="RT_Camera.h">
      <Filter>includes</Filter>
    </ClInclude>
    <ClInclude Include="Material.h">
      <Filter>includes</Filter>
    </ClInclude>
  </ItemGroup>
  <ItemGroup>
    <CudaCompile Include="RT_Viewport.cu">
      <Filter>sources</Filter>
    </CudaCompile>
  </ItemGroup>
</Project>